
Microsoft Visual Studio Solution File, Format Version 12.00
Project("{2150E333-8FDC-42A3-9474-1A3956D46DE8}") = "src", "src", "{B95F5DE9-56EF-4C16-8397-CC7EB24B9258}"
EndProject
Project("{2150E333-8FDC-42A3-9474-1A3956D46DE8}") = "tests", "tests", "{CC023135-5768-4305-8146-2494DAF146E6}"
EndProject
Project("{FAE04EC0-301F-11D3-BF4B-00C04F79EFBC}") = "Solutions", "src\Solutions\Solutions.csproj", "{A5066FB6-BDA1-47DD-B276-F6D95F50E65B}"
EndProject
Project("{FAE04EC0-301F-11D3-BF4B-00C04F79EFBC}") = "Solutions.Tests", "Solutions.Tests\Solutions.Tests.csproj", "{3D41DE24-130E-4DD9-A89D-C9DB4C65D3A9}"
EndProject
Global
	GlobalSection(SolutionConfigurationPlatforms) = preSolution
		Debug|Any CPU = Debug|Any CPU
		Release|Any CPU = Release|Any CPU
	EndGlobalSection
	GlobalSection(NestedProjects) = preSolution
		{A5066FB6-BDA1-47DD-B276-F6D95F50E65B} = {B95F5DE9-56EF-4C16-8397-CC7EB24B9258}
		{3D41DE24-130E-4DD9-A89D-C9DB4C65D3A9} = {CC023135-5768-4305-8146-2494DAF146E6}
	EndGlobalSection
	GlobalSection(ProjectConfigurationPlatforms) = postSolution
		{A5066FB6-BDA1-47DD-B276-F6D95F50E65B}.Debug|Any CPU.ActiveCfg = Debug|Any CPU
		{A5066FB6-BDA1-47DD-B276-F6D95F50E65B}.Debug|Any CPU.Build.0 = Debug|Any CPU
		{A5066FB6-BDA1-47DD-B276-F6D95F50E65B}.Release|Any CPU.ActiveCfg = Release|Any CPU
		{A5066FB6-BDA1-47DD-B276-F6D95F50E65B}.Release|Any CPU.Build.0 = Release|Any CPU
		{3D41DE24-130E-4DD9-A89D-C9DB4C65D3A9}.Debug|Any CPU.ActiveCfg = Debug|Any CPU
		{3D41DE24-130E-4DD9-A89D-C9DB4C65D3A9}.Debug|Any CPU.Build.0 = Debug|Any CPU
		{3D41DE24-130E-4DD9-A89D-C9DB4C65D3A9}.Release|Any CPU.ActiveCfg = Release|Any CPU
		{3D41DE24-130E-4DD9-A89D-C9DB4C65D3A9}.Release|Any CPU.Build.0 = Release|Any CPU
	EndGlobalSection
EndGlobal
