
Microsoft Visual Studio Solution File, Format Version 12.00
Project("{2150E333-8FDC-42A3-9474-1A3956D46DE8}") = "src", "src", "{A655ACE3-6A96-4617-934E-29F4640B18E1}"
EndProject
Project("{2150E333-8FDC-42A3-9474-1A3956D46DE8}") = "test", "test", "{C853C480-D06A-4A6B-9EBF-7C9FF5DD469D}"
EndProject
Project("{FAE04EC0-301F-11D3-BF4B-00C04F79EFBC}") = "AdventOfCode2025", "src\AdventOfCode2025\AdventOfCode2025.csproj", "{F0CB8FA6-F951-4EB3-A085-9D616ED846A3}"
EndProject
Project("{FAE04EC0-301F-11D3-BF4B-00C04F79EFBC}") = "AdventOfCode2024", "src\AdventOfCode2024\AdventOfCode2024.csproj", "{69A7C0E1-89AF-4BD1-933B-A7DB43395A1D}"
EndProject
Project("{FAE04EC0-301F-11D3-BF4B-00C04F79EFBC}") = "AdventOfCode2021", "src\AdventOfCode2021\AdventOfCode2021.csproj", "{F8B425EE-A375-4887-BB9D-13F49B35B8CD}"
EndProject
Project("{FAE04EC0-301F-11D3-BF4B-00C04F79EFBC}") = "AdventOfCode2021.Tests", "test\AdventOfCode2021.Tests\AdventOfCode2021.Tests.csproj", "{7DBED8AA-FA2C-4D44-99C0-BDACF8AFBB8B}"
EndProject
Project("{FAE04EC0-301F-11D3-BF4B-00C04F79EFBC}") = "AdventOfCode2024.Tests", "test\AdventOfCode2024.Tests\AdventOfCode2024.Tests.csproj", "{E75655DB-47CE-4811-ADC6-7FF259AD480F}"
EndProject
Project("{FAE04EC0-301F-11D3-BF4B-00C04F79EFBC}") = "AdventOfCode2025.Tests", "test\AdventOfCode2025.Tests\AdventOfCode2025.Tests.csproj", "{41BA32EC-5C07-4971-BABD-6633CEAAB5F1}"
EndProject
Project("{FAE04EC0-301F-11D3-BF4B-00C04F79EFBC}") = "AdventOfCode2022", "src\AdventOfCode2022\AdventOfCode2022.csproj", "{A6769776-E956-4BFE-B19E-F6644D6FF318}"
EndProject
Project("{FAE04EC0-301F-11D3-BF4B-00C04F79EFBC}") = "AdventOfCode2022.Tests", "test\AdventOfCode2022.Tests\AdventOfCode2022.Tests.csproj", "{81D34923-438F-4349-A675-B92CAF044C59}"
EndProject
Global
	GlobalSection(SolutionConfigurationPlatforms) = preSolution
		Debug|Any CPU = Debug|Any CPU
		Release|Any CPU = Release|Any CPU
	EndGlobalSection
	GlobalSection(NestedProjects) = preSolution
		{F0CB8FA6-F951-4EB3-A085-9D616ED846A3} = {A655ACE3-6A96-4617-934E-29F4640B18E1}
		{69A7C0E1-89AF-4BD1-933B-A7DB43395A1D} = {A655ACE3-6A96-4617-934E-29F4640B18E1}
		{F8B425EE-A375-4887-BB9D-13F49B35B8CD} = {A655ACE3-6A96-4617-934E-29F4640B18E1}
		{7DBED8AA-FA2C-4D44-99C0-BDACF8AFBB8B} = {C853C480-D06A-4A6B-9EBF-7C9FF5DD469D}
		{E75655DB-47CE-4811-ADC6-7FF259AD480F} = {C853C480-D06A-4A6B-9EBF-7C9FF5DD469D}
		{41BA32EC-5C07-4971-BABD-6633CEAAB5F1} = {C853C480-D06A-4A6B-9EBF-7C9FF5DD469D}
		{A6769776-E956-4BFE-B19E-F6644D6FF318} = {A655ACE3-6A96-4617-934E-29F4640B18E1}
		{81D34923-438F-4349-A675-B92CAF044C59} = {C853C480-D06A-4A6B-9EBF-7C9FF5DD469D}
	EndGlobalSection
	GlobalSection(ProjectConfigurationPlatforms) = postSolution
		{F0CB8FA6-F951-4EB3-A085-9D616ED846A3}.Debug|Any CPU.ActiveCfg = Debug|Any CPU
		{F0CB8FA6-F951-4EB3-A085-9D616ED846A3}.Debug|Any CPU.Build.0 = Debug|Any CPU
		{F0CB8FA6-F951-4EB3-A085-9D616ED846A3}.Release|Any CPU.ActiveCfg = Release|Any CPU
		{F0CB8FA6-F951-4EB3-A085-9D616ED846A3}.Release|Any CPU.Build.0 = Release|Any CPU
		{69A7C0E1-89AF-4BD1-933B-A7DB43395A1D}.Debug|Any CPU.ActiveCfg = Debug|Any CPU
		{69A7C0E1-89AF-4BD1-933B-A7DB43395A1D}.Debug|Any CPU.Build.0 = Debug|Any CPU
		{69A7C0E1-89AF-4BD1-933B-A7DB43395A1D}.Release|Any CPU.ActiveCfg = Release|Any CPU
		{69A7C0E1-89AF-4BD1-933B-A7DB43395A1D}.Release|Any CPU.Build.0 = Release|Any CPU
		{F8B425EE-A375-4887-BB9D-13F49B35B8CD}.Debug|Any CPU.ActiveCfg = Debug|Any CPU
		{F8B425EE-A375-4887-BB9D-13F49B35B8CD}.Debug|Any CPU.Build.0 = Debug|Any CPU
		{F8B425EE-A375-4887-BB9D-13F49B35B8CD}.Release|Any CPU.ActiveCfg = Release|Any CPU
		{F8B425EE-A375-4887-BB9D-13F49B35B8CD}.Release|Any CPU.Build.0 = Release|Any CPU
		{7DBED8AA-FA2C-4D44-99C0-BDACF8AFBB8B}.Debug|Any CPU.ActiveCfg = Debug|Any CPU
		{7DBED8AA-FA2C-4D44-99C0-BDACF8AFBB8B}.Debug|Any CPU.Build.0 = Debug|Any CPU
		{7DBED8AA-FA2C-4D44-99C0-BDACF8AFBB8B}.Release|Any CPU.ActiveCfg = Release|Any CPU
		{7DBED8AA-FA2C-4D44-99C0-BDACF8AFBB8B}.Release|Any CPU.Build.0 = Release|Any CPU
		{E75655DB-47CE-4811-ADC6-7FF259AD480F}.Debug|Any CPU.ActiveCfg = Debug|Any CPU
		{E75655DB-47CE-4811-ADC6-7FF259AD480F}.Debug|Any CPU.Build.0 = Debug|Any CPU
		{E75655DB-47CE-4811-ADC6-7FF259AD480F}.Release|Any CPU.ActiveCfg = Release|Any CPU
		{E75655DB-47CE-4811-ADC6-7FF259AD480F}.Release|Any CPU.Build.0 = Release|Any CPU
		{41BA32EC-5C07-4971-BABD-6633CEAAB5F1}.Debug|Any CPU.ActiveCfg = Debug|Any CPU
		{41BA32EC-5C07-4971-BABD-6633CEAAB5F1}.Debug|Any CPU.Build.0 = Debug|Any CPU
		{41BA32EC-5C07-4971-BABD-6633CEAAB5F1}.Release|Any CPU.ActiveCfg = Release|Any CPU
		{41BA32EC-5C07-4971-BABD-6633CEAAB5F1}.Release|Any CPU.Build.0 = Release|Any CPU
		{A6769776-E956-4BFE-B19E-F6644D6FF318}.Debug|Any CPU.ActiveCfg = Debug|Any CPU
		{A6769776-E956-4BFE-B19E-F6644D6FF318}.Debug|Any CPU.Build.0 = Debug|Any CPU
		{A6769776-E956-4BFE-B19E-F6644D6FF318}.Release|Any CPU.ActiveCfg = Release|Any CPU
		{A6769776-E956-4BFE-B19E-F6644D6FF318}.Release|Any CPU.Build.0 = Release|Any CPU
		{81D34923-438F-4349-A675-B92CAF044C59}.Debug|Any CPU.ActiveCfg = Debug|Any CPU
		{81D34923-438F-4349-A675-B92CAF044C59}.Debug|Any CPU.Build.0 = Debug|Any CPU
		{81D34923-438F-4349-A675-B92CAF044C59}.Release|Any CPU.ActiveCfg = Release|Any CPU
		{81D34923-438F-4349-A675-B92CAF044C59}.Release|Any CPU.Build.0 = Release|Any CPU
	EndGlobalSection
EndGlobal
